{
  "version": 4,
  "terraform_version": "1.1.5",
  "serial": 4,
  "lineage": "b606972d-2cd7-b786-d65e-97bfd3e16d0c",
  "outputs": {
    "external_ip_address_node01_yandex_cloud": {
      "value": "84.252.128.170",
      "type": "string"
    },
    "internal_ip_address_node01_yandex_cloud": {
      "value": "192.168.101.10",
      "type": "string"
    }
  },
  "resources": [
    {
      "mode": "managed",
      "type": "yandex_compute_instance",
      "name": "node01",
      "provider": "provider[\"registry.terraform.io/yandex-cloud/yandex\"]",
      "instances": [
        {
          "schema_version": 1,
          "attributes": {
            "allow_stopping_for_update": true,
            "boot_disk": [
              {
                "auto_delete": true,
                "device_name": "fhm7qmb2ima0f03n0a9s",
                "disk_id": "fhm7qmb2ima0f03n0a9s",
                "initialize_params": [
                  {
                    "block_size": 4096,
                    "description": "",
                    "image_id": "fd8cu4vnuvbuimhsktc2",
                    "name": "root-node01",
                    "size": 50,
                    "snapshot_id": "",
                    "type": "network-ssd"
                  }
                ],
                "mode": "READ_WRITE"
              }
            ],
            "created_at": "2022-02-06T11:22:35Z",
            "description": "",
            "folder_id": "b1gc1tus5qie76988pha",
            "fqdn": "node01.netology.cloud",
            "hostname": "node01",
            "id": "fhmgbqpjnbdpp1q77npt",
            "labels": null,
            "metadata": {
              "ssh-keys": "centos:ssh-rsa AAAAB3NzaC1yc2EAAAADAQABAAABgQDO288emTKlcvnUdqUvdVc73/eK6yKzLVO+g+e24VwYnaYbr6D7uC/bv1xM1AY47U3/iyC1mJWkYOAkEhk6XFTE4FfQmq0KW2pSEgZPgGnqU0kvqo8qoZoape4pRZ+aDEclajjG5AZVknUr/jN4GKAOl+wSLVXwGmB4rSP7bBsFSAeJ+lRK5G+XSFguch9qxt/7UPR0YPiwdea+/wnpRHmVIU69YpmPkcnlWFwUfdJvwfxafVSDwd3IG46EJpZ5FcT0qJ3JiSeZDjTjUgwBi8+cZenICE2QnBIsQg0kDXqQfS7lyxYIYJX0UPzr8TLYl4ol+p7rf86jrvdt/7E5T+PBiIZYoLTyD0risi1WBEwDa+1OJQSO76crmlqS1oNvMbujW3nSGqGQiTLVy3RrhJp0Dfkk2D7t/iIR3N6y/oEwxnY6tz8bPwCCmkfEHoa9bzD/ixL6fUwC/V+nDTQr47JVR5F8I/NH1utOaUDFrYs4WNktiPbXxnyEfbcQY5XqCU0= vagrant@vagrant\n"
            },
            "name": "node01",
            "network_acceleration_type": "standard",
            "network_interface": [
              {
                "dns_record": [],
                "index": 0,
                "ip_address": "192.168.101.10",
                "ipv4": true,
                "ipv6": false,
                "ipv6_address": "",
                "ipv6_dns_record": [],
                "mac_address": "d0:0d:10:5e:b3:3b",
                "nat": true,
                "nat_dns_record": [],
                "nat_ip_address": "84.252.128.170",
                "nat_ip_version": "IPV4",
                "security_group_ids": [],
                "subnet_id": "e9be24pno7a61moseks8"
              }
            ],
            "placement_policy": [
              {
                "placement_group_id": ""
              }
            ],
            "platform_id": "standard-v1",
            "resources": [
              {
                "core_fraction": 100,
                "cores": 8,
                "gpus": 0,
                "memory": 8
              }
            ],
            "scheduling_policy": [
              {
                "preemptible": false
              }
            ],
            "secondary_disk": [],
            "service_account_id": "",
            "status": "running",
            "timeouts": null,
            "zone": "ru-central1-a"
          },
          "sensitive_attributes": [],
          "private": "eyJlMmJmYjczMC1lY2FhLTExZTYtOGY4OC0zNDM2M2JjN2M0YzAiOnsiY3JlYXRlIjozMDAwMDAwMDAwMDAsImRlbGV0ZSI6MzAwMDAwMDAwMDAwLCJ1cGRhdGUiOjMwMDAwMDAwMDAwMH0sInNjaGVtYV92ZXJzaW9uIjoiMSJ9",
          "dependencies": [
            "yandex_vpc_network.default",
            "yandex_vpc_subnet.default"
          ]
        }
      ]
    },
    {
      "mode": "managed",
      "type": "yandex_vpc_network",
      "name": "default",
      "provider": "provider[\"registry.terraform.io/yandex-cloud/yandex\"]",
      "instances": [
        {
          "schema_version": 0,
          "attributes": {
            "created_at": "2022-02-06T11:22:31Z",
            "default_security_group_id": "",
            "description": "",
            "folder_id": "b1gc1tus5qie76988pha",
            "id": "enpk45e2t7oeh8a54hmu",
            "labels": {},
            "name": "net",
            "subnet_ids": [],
            "timeouts": null
          },
          "sensitive_attributes": [],
          "private": "eyJlMmJmYjczMC1lY2FhLTExZTYtOGY4OC0zNDM2M2JjN2M0YzAiOnsiY3JlYXRlIjo2MDAwMDAwMDAwMCwiZGVsZXRlIjo2MDAwMDAwMDAwMCwidXBkYXRlIjo2MDAwMDAwMDAwMH19"
        }
      ]
    },
    {
      "mode": "managed",
      "type": "yandex_vpc_subnet",
      "name": "default",
      "provider": "provider[\"registry.terraform.io/yandex-cloud/yandex\"]",
      "instances": [
        {
          "schema_version": 0,
          "attributes": {
            "created_at": "2022-02-06T11:22:33Z",
            "description": "",
            "dhcp_options": [],
            "folder_id": "b1gc1tus5qie76988pha",
            "id": "e9be24pno7a61moseks8",
            "labels": {},
            "name": "subnet",
            "network_id": "enpk45e2t7oeh8a54hmu",
            "route_table_id": "",
            "timeouts": null,
            "v4_cidr_blocks": [
              "192.168.101.0/24"
            ],
            "v6_cidr_blocks": [],
            "zone": "ru-central1-a"
          },
          "sensitive_attributes": [],
          "private": "eyJlMmJmYjczMC1lY2FhLTExZTYtOGY4OC0zNDM2M2JjN2M0YzAiOnsiY3JlYXRlIjoxODAwMDAwMDAwMDAsImRlbGV0ZSI6MTgwMDAwMDAwMDAwLCJ1cGRhdGUiOjE4MDAwMDAwMDAwMH19",
          "dependencies": [
            "yandex_vpc_network.default"
          ]
        }
      ]
    }
  ]
}
