{
  "version": 4,
  "terraform_version": "1.1.5",
  "serial": 12,
  "lineage": "2b3f417e-6351-f4ff-1eba-387a7126c86d",
  "outputs": {
    "external_ip_address_node01": {
      "value": "62.84.116.251",
      "type": "string"
    },
    "external_ip_address_node02": {
      "value": "62.84.118.194",
      "type": "string"
    },
    "external_ip_address_node03": {
      "value": "62.84.116.212",
      "type": "string"
    },
    "external_ip_address_node04": {
      "value": "62.84.118.116",
      "type": "string"
    },
    "external_ip_address_node05": {
      "value": "62.84.117.191",
      "type": "string"
    },
    "external_ip_address_node06": {
      "value": "62.84.117.132",
      "type": "string"
    },
    "internal_ip_address_node01": {
      "value": "192.168.101.11",
      "type": "string"
    },
    "internal_ip_address_node02": {
      "value": "192.168.101.12",
      "type": "string"
    },
    "internal_ip_address_node03": {
      "value": "192.168.101.13",
      "type": "string"
    },
    "internal_ip_address_node04": {
      "value": "192.168.101.14",
      "type": "string"
    },
    "internal_ip_address_node05": {
      "value": "192.168.101.15",
      "type": "string"
    },
    "internal_ip_address_node06": {
      "value": "192.168.101.16",
      "type": "string"
    }
  },
  "resources": [
    {
      "mode": "managed",
      "type": "local_file",
      "name": "inventory",
      "provider": "provider[\"registry.terraform.io/hashicorp/local\"]",
      "instances": [
        {
          "schema_version": 0,
          "attributes": {
            "content": "# Ansible inventory containing variable values from Terraform.\r\n# Generated by Terraform.\r\n\r\n[nodes:children]\r\nmanagers\r\nworkers\r\n\r\n[managers:children]\r\nactive\r\nstandby\r\n\r\n[active]\r\nnode01.netology.yc ansible_host=62.84.116.251\r\n\r\n[standby]\r\nnode02.netology.yc ansible_host=62.84.118.194\r\nnode03.netology.yc ansible_host=62.84.116.212\r\n\r\n[workers]\r\nnode04.netology.yc ansible_host=62.84.118.116\r\nnode05.netology.yc ansible_host=62.84.117.191\r\nnode06.netology.yc ansible_host=62.84.117.132\r\n",
            "content_base64": null,
            "directory_permission": "0777",
            "file_permission": "0777",
            "filename": "../ansible/inventory",
            "id": "29d16086fa87c2361ccce3596df42c0103611416",
            "sensitive_content": null,
            "source": null
          },
          "sensitive_attributes": [],
          "private": "bnVsbA==",
          "dependencies": [
            "yandex_compute_instance.node01",
            "yandex_compute_instance.node02",
            "yandex_compute_instance.node03",
            "yandex_compute_instance.node04",
            "yandex_compute_instance.node05",
            "yandex_compute_instance.node06",
            "yandex_vpc_network.default",
            "yandex_vpc_subnet.default"
          ]
        }
      ]
    },
    {
      "mode": "managed",
      "type": "null_resource",
      "name": "cluster",
      "provider": "provider[\"registry.terraform.io/hashicorp/null\"]",
      "instances": [
        {
          "status": "tainted",
          "schema_version": 0,
          "attributes": {
            "id": "3002501363175767051",
            "triggers": null
          },
          "sensitive_attributes": [],
          "private": "bnVsbA==",
          "dependencies": [
            "local_file.inventory",
            "null_resource.wait",
            "yandex_compute_instance.node01",
            "yandex_compute_instance.node02",
            "yandex_compute_instance.node03",
            "yandex_compute_instance.node04",
            "yandex_compute_instance.node05",
            "yandex_compute_instance.node06",
            "yandex_vpc_network.default",
            "yandex_vpc_subnet.default"
          ]
        }
      ]
    },
    {
      "mode": "managed",
      "type": "null_resource",
      "name": "monitoring",
      "provider": "provider[\"registry.terraform.io/hashicorp/null\"]",
      "instances": []
    },
    {
      "mode": "managed",
      "type": "null_resource",
      "name": "sync",
      "provider": "provider[\"registry.terraform.io/hashicorp/null\"]",
      "instances": []
    },
    {
      "mode": "managed",
      "type": "null_resource",
      "name": "wait",
      "provider": "provider[\"registry.terraform.io/hashicorp/null\"]",
      "instances": [
        {
          "schema_version": 0,
          "attributes": {
            "id": "2717808132135645796",
            "triggers": null
          },
          "sensitive_attributes": [],
          "private": "bnVsbA==",
          "dependencies": [
            "local_file.inventory",
            "yandex_compute_instance.node01",
            "yandex_compute_instance.node02",
            "yandex_compute_instance.node03",
            "yandex_compute_instance.node04",
            "yandex_compute_instance.node05",
            "yandex_compute_instance.node06",
            "yandex_vpc_network.default",
            "yandex_vpc_subnet.default"
          ]
        }
      ]
    },
    {
      "mode": "managed",
      "type": "yandex_compute_instance",
      "name": "node01",
      "provider": "provider[\"registry.terraform.io/yandex-cloud/yandex\"]",
      "instances": [
        {
          "schema_version": 1,
          "attributes": {
            "allow_stopping_for_update": true,
            "boot_disk": [
              {
                "auto_delete": true,
                "device_name": "fhmfk2buhd1tud1iv5ms",
                "disk_id": "fhmfk2buhd1tud1iv5ms",
                "initialize_params": [
                  {
                    "block_size": 4096,
                    "description": "",
                    "image_id": "fd8gskn600vtj0vkh44s",
                    "name": "root-node01",
                    "size": 10,
                    "snapshot_id": "",
                    "type": "network-ssd"
                  }
                ],
                "mode": "READ_WRITE"
              }
            ],
            "created_at": "2022-02-08T03:40:11Z",
            "description": "",
            "folder_id": "b1gc1tus5qie76988pha",
            "fqdn": "node01.netology.yc",
            "hostname": "node01",
            "id": "fhmveceman7pai296uon",
            "labels": null,
            "metadata": {
              "ssh-keys": "centos:ssh-rsa AAAAB3NzaC1yc2EAAAADAQABAAABgQDVUlmhWzG0zFFBOgs2QkrfS1YJakF8PwgP2Nw+r3lC/3ptcjIAOhyuNHmtnA9aD7TQJmIQgv+5DlhaWCDG9LFlz6CtZR27LUCzRXL0OLU+ZzXKtHdeoWlZhYj2Q25PPEfIg0aLJeB+fooYWceBCU+cjkAAeN+Rx+wnluOmnI1FnrqsIEQyUssFYDVd5aOQwtiwLBjSlrX2+UkxwR6pDAixqUcR/4+0OkisQtI7dCBEiCQGQlEjsOyWEoPz4KUh8IEtjxZugBYoV09czxyQdKd80oaauU7NK3v8anfuXHUKD8Ws2gBOi1gSIuzGz7hY8+MVGe+L1tkYZrAi8NgsdlzpqSe3iyq2yYJbuW4FrOX/QUUkrm1m/++zvNTLx7FztT0NHRTzKS17a6aeG+AUdmIxRf1KQpzoG9AS4RBcZX7Dg9nI8AyjsYPNehsJwN8kdvG8/sqUgahb/fUBTF1d9A2zAERTTvQr3rCCLzGL2xezlKL8YzY4eime0x/3KIcOHlM= vagrant@vagrant\n"
            },
            "name": "node01",
            "network_acceleration_type": "standard",
            "network_interface": [
              {
                "dns_record": [],
                "index": 0,
                "ip_address": "192.168.101.11",
                "ipv4": true,
                "ipv6": false,
                "ipv6_address": "",
                "ipv6_dns_record": [],
                "mac_address": "d0:0d:1f:73:1d:65",
                "nat": true,
                "nat_dns_record": [],
                "nat_ip_address": "62.84.116.251",
                "nat_ip_version": "IPV4",
                "security_group_ids": [],
                "subnet_id": "e9b6ltgldr827fql8tg2"
              }
            ],
            "placement_policy": [
              {
                "placement_group_id": ""
              }
            ],
            "platform_id": "standard-v1",
            "resources": [
              {
                "core_fraction": 100,
                "cores": 4,
                "gpus": 0,
                "memory": 8
              }
            ],
            "scheduling_policy": [
              {
                "preemptible": false
              }
            ],
            "secondary_disk": [],
            "service_account_id": "",
            "status": "running",
            "timeouts": null,
            "zone": "ru-central1-a"
          },
          "sensitive_attributes": [],
          "private": "eyJlMmJmYjczMC1lY2FhLTExZTYtOGY4OC0zNDM2M2JjN2M0YzAiOnsiY3JlYXRlIjozMDAwMDAwMDAwMDAsImRlbGV0ZSI6MzAwMDAwMDAwMDAwLCJ1cGRhdGUiOjMwMDAwMDAwMDAwMH0sInNjaGVtYV92ZXJzaW9uIjoiMSJ9",
          "dependencies": [
            "yandex_vpc_network.default",
            "yandex_vpc_subnet.default"
          ]
        }
      ]
    },
    {
      "mode": "managed",
      "type": "yandex_compute_instance",
      "name": "node02",
      "provider": "provider[\"registry.terraform.io/yandex-cloud/yandex\"]",
      "instances": [
        {
          "schema_version": 1,
          "attributes": {
            "allow_stopping_for_update": true,
            "boot_disk": [
              {
                "auto_delete": true,
                "device_name": "fhmep6bjt567ikr5gn3f",
                "disk_id": "fhmep6bjt567ikr5gn3f",
                "initialize_params": [
                  {
                    "block_size": 4096,
                    "description": "",
                    "image_id": "fd8gskn600vtj0vkh44s",
                    "name": "root-node02",
                    "size": 10,
                    "snapshot_id": "",
                    "type": "network-ssd"
                  }
                ],
                "mode": "READ_WRITE"
              }
            ],
            "created_at": "2022-02-08T03:40:11Z",
            "description": "",
            "folder_id": "b1gc1tus5qie76988pha",
            "fqdn": "node02.netology.yc",
            "hostname": "node02",
            "id": "fhmu1jk5r1clrdftc435",
            "labels": null,
            "metadata": {
              "ssh-keys": "centos:ssh-rsa AAAAB3NzaC1yc2EAAAADAQABAAABgQDVUlmhWzG0zFFBOgs2QkrfS1YJakF8PwgP2Nw+r3lC/3ptcjIAOhyuNHmtnA9aD7TQJmIQgv+5DlhaWCDG9LFlz6CtZR27LUCzRXL0OLU+ZzXKtHdeoWlZhYj2Q25PPEfIg0aLJeB+fooYWceBCU+cjkAAeN+Rx+wnluOmnI1FnrqsIEQyUssFYDVd5aOQwtiwLBjSlrX2+UkxwR6pDAixqUcR/4+0OkisQtI7dCBEiCQGQlEjsOyWEoPz4KUh8IEtjxZugBYoV09czxyQdKd80oaauU7NK3v8anfuXHUKD8Ws2gBOi1gSIuzGz7hY8+MVGe+L1tkYZrAi8NgsdlzpqSe3iyq2yYJbuW4FrOX/QUUkrm1m/++zvNTLx7FztT0NHRTzKS17a6aeG+AUdmIxRf1KQpzoG9AS4RBcZX7Dg9nI8AyjsYPNehsJwN8kdvG8/sqUgahb/fUBTF1d9A2zAERTTvQr3rCCLzGL2xezlKL8YzY4eime0x/3KIcOHlM= vagrant@vagrant\n"
            },
            "name": "node02",
            "network_acceleration_type": "standard",
            "network_interface": [
              {
                "dns_record": [],
                "index": 0,
                "ip_address": "192.168.101.12",
                "ipv4": true,
                "ipv6": false,
                "ipv6_address": "",
                "ipv6_dns_record": [],
                "mac_address": "d0:0d:1e:0c:e8:5d",
                "nat": true,
                "nat_dns_record": [],
                "nat_ip_address": "62.84.118.194",
                "nat_ip_version": "IPV4",
                "security_group_ids": [],
                "subnet_id": "e9b6ltgldr827fql8tg2"
              }
            ],
            "placement_policy": [
              {
                "placement_group_id": ""
              }
            ],
            "platform_id": "standard-v1",
            "resources": [
              {
                "core_fraction": 100,
                "cores": 4,
                "gpus": 0,
                "memory": 8
              }
            ],
            "scheduling_policy": [
              {
                "preemptible": false
              }
            ],
            "secondary_disk": [],
            "service_account_id": "",
            "status": "running",
            "timeouts": null,
            "zone": "ru-central1-a"
          },
          "sensitive_attributes": [],
          "private": "eyJlMmJmYjczMC1lY2FhLTExZTYtOGY4OC0zNDM2M2JjN2M0YzAiOnsiY3JlYXRlIjozMDAwMDAwMDAwMDAsImRlbGV0ZSI6MzAwMDAwMDAwMDAwLCJ1cGRhdGUiOjMwMDAwMDAwMDAwMH0sInNjaGVtYV92ZXJzaW9uIjoiMSJ9",
          "dependencies": [
            "yandex_vpc_network.default",
            "yandex_vpc_subnet.default"
          ]
        }
      ]
    },
    {
      "mode": "managed",
      "type": "yandex_compute_instance",
      "name": "node03",
      "provider": "provider[\"registry.terraform.io/yandex-cloud/yandex\"]",
      "instances": [
        {
          "schema_version": 1,
          "attributes": {
            "allow_stopping_for_update": true,
            "boot_disk": [
              {
                "auto_delete": true,
                "device_name": "fhm1nkv47frri8s4pseu",
                "disk_id": "fhm1nkv47frri8s4pseu",
                "initialize_params": [
                  {
                    "block_size": 4096,
                    "description": "",
                    "image_id": "fd8gskn600vtj0vkh44s",
                    "name": "root-node03",
                    "size": 10,
                    "snapshot_id": "",
                    "type": "network-ssd"
                  }
                ],
                "mode": "READ_WRITE"
              }
            ],
            "created_at": "2022-02-08T03:40:11Z",
            "description": "",
            "folder_id": "b1gc1tus5qie76988pha",
            "fqdn": "node03.netology.yc",
            "hostname": "node03",
            "id": "fhmpf328m324e0lgvol8",
            "labels": null,
            "metadata": {
              "ssh-keys": "centos:ssh-rsa AAAAB3NzaC1yc2EAAAADAQABAAABgQDVUlmhWzG0zFFBOgs2QkrfS1YJakF8PwgP2Nw+r3lC/3ptcjIAOhyuNHmtnA9aD7TQJmIQgv+5DlhaWCDG9LFlz6CtZR27LUCzRXL0OLU+ZzXKtHdeoWlZhYj2Q25PPEfIg0aLJeB+fooYWceBCU+cjkAAeN+Rx+wnluOmnI1FnrqsIEQyUssFYDVd5aOQwtiwLBjSlrX2+UkxwR6pDAixqUcR/4+0OkisQtI7dCBEiCQGQlEjsOyWEoPz4KUh8IEtjxZugBYoV09czxyQdKd80oaauU7NK3v8anfuXHUKD8Ws2gBOi1gSIuzGz7hY8+MVGe+L1tkYZrAi8NgsdlzpqSe3iyq2yYJbuW4FrOX/QUUkrm1m/++zvNTLx7FztT0NHRTzKS17a6aeG+AUdmIxRf1KQpzoG9AS4RBcZX7Dg9nI8AyjsYPNehsJwN8kdvG8/sqUgahb/fUBTF1d9A2zAERTTvQr3rCCLzGL2xezlKL8YzY4eime0x/3KIcOHlM= vagrant@vagrant\n"
            },
            "name": "node03",
            "network_acceleration_type": "standard",
            "network_interface": [
              {
                "dns_record": [],
                "index": 0,
                "ip_address": "192.168.101.13",
                "ipv4": true,
                "ipv6": false,
                "ipv6_address": "",
                "ipv6_dns_record": [],
                "mac_address": "d0:0d:19:78:c4:8b",
                "nat": true,
                "nat_dns_record": [],
                "nat_ip_address": "62.84.116.212",
                "nat_ip_version": "IPV4",
                "security_group_ids": [],
                "subnet_id": "e9b6ltgldr827fql8tg2"
              }
            ],
            "placement_policy": [
              {
                "placement_group_id": ""
              }
            ],
            "platform_id": "standard-v1",
            "resources": [
              {
                "core_fraction": 100,
                "cores": 4,
                "gpus": 0,
                "memory": 8
              }
            ],
            "scheduling_policy": [
              {
                "preemptible": false
              }
            ],
            "secondary_disk": [],
            "service_account_id": "",
            "status": "running",
            "timeouts": null,
            "zone": "ru-central1-a"
          },
          "sensitive_attributes": [],
          "private": "eyJlMmJmYjczMC1lY2FhLTExZTYtOGY4OC0zNDM2M2JjN2M0YzAiOnsiY3JlYXRlIjozMDAwMDAwMDAwMDAsImRlbGV0ZSI6MzAwMDAwMDAwMDAwLCJ1cGRhdGUiOjMwMDAwMDAwMDAwMH0sInNjaGVtYV92ZXJzaW9uIjoiMSJ9",
          "dependencies": [
            "yandex_vpc_network.default",
            "yandex_vpc_subnet.default"
          ]
        }
      ]
    },
    {
      "mode": "managed",
      "type": "yandex_compute_instance",
      "name": "node04",
      "provider": "provider[\"registry.terraform.io/yandex-cloud/yandex\"]",
      "instances": [
        {
          "schema_version": 1,
          "attributes": {
            "allow_stopping_for_update": true,
            "boot_disk": [
              {
                "auto_delete": true,
                "device_name": "fhms21a5aqor2075rfgk",
                "disk_id": "fhms21a5aqor2075rfgk",
                "initialize_params": [
                  {
                    "block_size": 4096,
                    "description": "",
                    "image_id": "fd8gskn600vtj0vkh44s",
                    "name": "root-node04",
                    "size": 40,
                    "snapshot_id": "",
                    "type": "network-ssd"
                  }
                ],
                "mode": "READ_WRITE"
              }
            ],
            "created_at": "2022-02-08T03:40:11Z",
            "description": "",
            "folder_id": "b1gc1tus5qie76988pha",
            "fqdn": "node04.netology.yc",
            "hostname": "node04",
            "id": "fhm4gdtcoophpv3s3lqf",
            "labels": null,
            "metadata": {
              "ssh-keys": "centos:ssh-rsa AAAAB3NzaC1yc2EAAAADAQABAAABgQDVUlmhWzG0zFFBOgs2QkrfS1YJakF8PwgP2Nw+r3lC/3ptcjIAOhyuNHmtnA9aD7TQJmIQgv+5DlhaWCDG9LFlz6CtZR27LUCzRXL0OLU+ZzXKtHdeoWlZhYj2Q25PPEfIg0aLJeB+fooYWceBCU+cjkAAeN+Rx+wnluOmnI1FnrqsIEQyUssFYDVd5aOQwtiwLBjSlrX2+UkxwR6pDAixqUcR/4+0OkisQtI7dCBEiCQGQlEjsOyWEoPz4KUh8IEtjxZugBYoV09czxyQdKd80oaauU7NK3v8anfuXHUKD8Ws2gBOi1gSIuzGz7hY8+MVGe+L1tkYZrAi8NgsdlzpqSe3iyq2yYJbuW4FrOX/QUUkrm1m/++zvNTLx7FztT0NHRTzKS17a6aeG+AUdmIxRf1KQpzoG9AS4RBcZX7Dg9nI8AyjsYPNehsJwN8kdvG8/sqUgahb/fUBTF1d9A2zAERTTvQr3rCCLzGL2xezlKL8YzY4eime0x/3KIcOHlM= vagrant@vagrant\n"
            },
            "name": "node04",
            "network_acceleration_type": "standard",
            "network_interface": [
              {
                "dns_record": [],
                "index": 0,
                "ip_address": "192.168.101.14",
                "ipv4": true,
                "ipv6": false,
                "ipv6_address": "",
                "ipv6_dns_record": [],
                "mac_address": "d0:0d:48:37:ac:c6",
                "nat": true,
                "nat_dns_record": [],
                "nat_ip_address": "62.84.118.116",
                "nat_ip_version": "IPV4",
                "security_group_ids": [],
                "subnet_id": "e9b6ltgldr827fql8tg2"
              }
            ],
            "placement_policy": [
              {
                "placement_group_id": ""
              }
            ],
            "platform_id": "standard-v1",
            "resources": [
              {
                "core_fraction": 100,
                "cores": 4,
                "gpus": 0,
                "memory": 8
              }
            ],
            "scheduling_policy": [
              {
                "preemptible": false
              }
            ],
            "secondary_disk": [],
            "service_account_id": "",
            "status": "running",
            "timeouts": null,
            "zone": "ru-central1-a"
          },
          "sensitive_attributes": [],
          "private": "eyJlMmJmYjczMC1lY2FhLTExZTYtOGY4OC0zNDM2M2JjN2M0YzAiOnsiY3JlYXRlIjozMDAwMDAwMDAwMDAsImRlbGV0ZSI6MzAwMDAwMDAwMDAwLCJ1cGRhdGUiOjMwMDAwMDAwMDAwMH0sInNjaGVtYV92ZXJzaW9uIjoiMSJ9",
          "dependencies": [
            "yandex_vpc_network.default",
            "yandex_vpc_subnet.default"
          ]
        }
      ]
    },
    {
      "mode": "managed",
      "type": "yandex_compute_instance",
      "name": "node05",
      "provider": "provider[\"registry.terraform.io/yandex-cloud/yandex\"]",
      "instances": [
        {
          "schema_version": 1,
          "attributes": {
            "allow_stopping_for_update": true,
            "boot_disk": [
              {
                "auto_delete": true,
                "device_name": "fhmh0pucsispa8bc1842",
                "disk_id": "fhmh0pucsispa8bc1842",
                "initialize_params": [
                  {
                    "block_size": 4096,
                    "description": "",
                    "image_id": "fd8gskn600vtj0vkh44s",
                    "name": "root-node05",
                    "size": 40,
                    "snapshot_id": "",
                    "type": "network-ssd"
                  }
                ],
                "mode": "READ_WRITE"
              }
            ],
            "created_at": "2022-02-08T03:40:11Z",
            "description": "",
            "folder_id": "b1gc1tus5qie76988pha",
            "fqdn": "node05.netology.yc",
            "hostname": "node05",
            "id": "fhm1oqdd6o0nl5dpsv3v",
            "labels": null,
            "metadata": {
              "ssh-keys": "centos:ssh-rsa AAAAB3NzaC1yc2EAAAADAQABAAABgQDVUlmhWzG0zFFBOgs2QkrfS1YJakF8PwgP2Nw+r3lC/3ptcjIAOhyuNHmtnA9aD7TQJmIQgv+5DlhaWCDG9LFlz6CtZR27LUCzRXL0OLU+ZzXKtHdeoWlZhYj2Q25PPEfIg0aLJeB+fooYWceBCU+cjkAAeN+Rx+wnluOmnI1FnrqsIEQyUssFYDVd5aOQwtiwLBjSlrX2+UkxwR6pDAixqUcR/4+0OkisQtI7dCBEiCQGQlEjsOyWEoPz4KUh8IEtjxZugBYoV09czxyQdKd80oaauU7NK3v8anfuXHUKD8Ws2gBOi1gSIuzGz7hY8+MVGe+L1tkYZrAi8NgsdlzpqSe3iyq2yYJbuW4FrOX/QUUkrm1m/++zvNTLx7FztT0NHRTzKS17a6aeG+AUdmIxRf1KQpzoG9AS4RBcZX7Dg9nI8AyjsYPNehsJwN8kdvG8/sqUgahb/fUBTF1d9A2zAERTTvQr3rCCLzGL2xezlKL8YzY4eime0x/3KIcOHlM= vagrant@vagrant\n"
            },
            "name": "node05",
            "network_acceleration_type": "standard",
            "network_interface": [
              {
                "dns_record": [],
                "index": 0,
                "ip_address": "192.168.101.15",
                "ipv4": true,
                "ipv6": false,
                "ipv6_address": "",
                "ipv6_dns_record": [],
                "mac_address": "d0:0d:1c:69:ad:36",
                "nat": true,
                "nat_dns_record": [],
                "nat_ip_address": "62.84.117.191",
                "nat_ip_version": "IPV4",
                "security_group_ids": [],
                "subnet_id": "e9b6ltgldr827fql8tg2"
              }
            ],
            "placement_policy": [
              {
                "placement_group_id": ""
              }
            ],
            "platform_id": "standard-v1",
            "resources": [
              {
                "core_fraction": 100,
                "cores": 4,
                "gpus": 0,
                "memory": 8
              }
            ],
            "scheduling_policy": [
              {
                "preemptible": false
              }
            ],
            "secondary_disk": [],
            "service_account_id": "",
            "status": "running",
            "timeouts": null,
            "zone": "ru-central1-a"
          },
          "sensitive_attributes": [],
          "private": "eyJlMmJmYjczMC1lY2FhLTExZTYtOGY4OC0zNDM2M2JjN2M0YzAiOnsiY3JlYXRlIjozMDAwMDAwMDAwMDAsImRlbGV0ZSI6MzAwMDAwMDAwMDAwLCJ1cGRhdGUiOjMwMDAwMDAwMDAwMH0sInNjaGVtYV92ZXJzaW9uIjoiMSJ9",
          "dependencies": [
            "yandex_vpc_network.default",
            "yandex_vpc_subnet.default"
          ]
        }
      ]
    },
    {
      "mode": "managed",
      "type": "yandex_compute_instance",
      "name": "node06",
      "provider": "provider[\"registry.terraform.io/yandex-cloud/yandex\"]",
      "instances": [
        {
          "schema_version": 1,
          "attributes": {
            "allow_stopping_for_update": true,
            "boot_disk": [
              {
                "auto_delete": true,
                "device_name": "fhmihhdsjo9aq3aaqc15",
                "disk_id": "fhmihhdsjo9aq3aaqc15",
                "initialize_params": [
                  {
                    "block_size": 4096,
                    "description": "",
                    "image_id": "fd8gskn600vtj0vkh44s",
                    "name": "root-node06",
                    "size": 40,
                    "snapshot_id": "",
                    "type": "network-ssd"
                  }
                ],
                "mode": "READ_WRITE"
              }
            ],
            "created_at": "2022-02-08T03:40:11Z",
            "description": "",
            "folder_id": "b1gc1tus5qie76988pha",
            "fqdn": "node06.netology.yc",
            "hostname": "node06",
            "id": "fhm6e28spe6sevgno4tn",
            "labels": null,
            "metadata": {
              "ssh-keys": "centos:ssh-rsa AAAAB3NzaC1yc2EAAAADAQABAAABgQDVUlmhWzG0zFFBOgs2QkrfS1YJakF8PwgP2Nw+r3lC/3ptcjIAOhyuNHmtnA9aD7TQJmIQgv+5DlhaWCDG9LFlz6CtZR27LUCzRXL0OLU+ZzXKtHdeoWlZhYj2Q25PPEfIg0aLJeB+fooYWceBCU+cjkAAeN+Rx+wnluOmnI1FnrqsIEQyUssFYDVd5aOQwtiwLBjSlrX2+UkxwR6pDAixqUcR/4+0OkisQtI7dCBEiCQGQlEjsOyWEoPz4KUh8IEtjxZugBYoV09czxyQdKd80oaauU7NK3v8anfuXHUKD8Ws2gBOi1gSIuzGz7hY8+MVGe+L1tkYZrAi8NgsdlzpqSe3iyq2yYJbuW4FrOX/QUUkrm1m/++zvNTLx7FztT0NHRTzKS17a6aeG+AUdmIxRf1KQpzoG9AS4RBcZX7Dg9nI8AyjsYPNehsJwN8kdvG8/sqUgahb/fUBTF1d9A2zAERTTvQr3rCCLzGL2xezlKL8YzY4eime0x/3KIcOHlM= vagrant@vagrant\n"
            },
            "name": "node06",
            "network_acceleration_type": "standard",
            "network_interface": [
              {
                "dns_record": [],
                "index": 0,
                "ip_address": "192.168.101.16",
                "ipv4": true,
                "ipv6": false,
                "ipv6_address": "",
                "ipv6_dns_record": [],
                "mac_address": "d0:0d:67:09:1c:cb",
                "nat": true,
                "nat_dns_record": [],
                "nat_ip_address": "62.84.117.132",
                "nat_ip_version": "IPV4",
                "security_group_ids": [],
                "subnet_id": "e9b6ltgldr827fql8tg2"
              }
            ],
            "placement_policy": [
              {
                "placement_group_id": ""
              }
            ],
            "platform_id": "standard-v1",
            "resources": [
              {
                "core_fraction": 100,
                "cores": 4,
                "gpus": 0,
                "memory": 8
              }
            ],
            "scheduling_policy": [
              {
                "preemptible": false
              }
            ],
            "secondary_disk": [],
            "service_account_id": "",
            "status": "running",
            "timeouts": null,
            "zone": "ru-central1-a"
          },
          "sensitive_attributes": [],
          "private": "eyJlMmJmYjczMC1lY2FhLTExZTYtOGY4OC0zNDM2M2JjN2M0YzAiOnsiY3JlYXRlIjozMDAwMDAwMDAwMDAsImRlbGV0ZSI6MzAwMDAwMDAwMDAwLCJ1cGRhdGUiOjMwMDAwMDAwMDAwMH0sInNjaGVtYV92ZXJzaW9uIjoiMSJ9",
          "dependencies": [
            "yandex_vpc_network.default",
            "yandex_vpc_subnet.default"
          ]
        }
      ]
    },
    {
      "mode": "managed",
      "type": "yandex_vpc_network",
      "name": "default",
      "provider": "provider[\"registry.terraform.io/yandex-cloud/yandex\"]",
      "instances": [
        {
          "schema_version": 0,
          "attributes": {
            "created_at": "2022-02-08T03:40:06Z",
            "default_security_group_id": "",
            "description": "",
            "folder_id": "b1gc1tus5qie76988pha",
            "id": "enpp7sueog754grdb92k",
            "labels": {},
            "name": "net",
            "subnet_ids": [],
            "timeouts": null
          },
          "sensitive_attributes": [],
          "private": "eyJlMmJmYjczMC1lY2FhLTExZTYtOGY4OC0zNDM2M2JjN2M0YzAiOnsiY3JlYXRlIjo2MDAwMDAwMDAwMCwiZGVsZXRlIjo2MDAwMDAwMDAwMCwidXBkYXRlIjo2MDAwMDAwMDAwMH19"
        }
      ]
    },
    {
      "mode": "managed",
      "type": "yandex_vpc_subnet",
      "name": "default",
      "provider": "provider[\"registry.terraform.io/yandex-cloud/yandex\"]",
      "instances": [
        {
          "schema_version": 0,
          "attributes": {
            "created_at": "2022-02-08T03:40:07Z",
            "description": "",
            "dhcp_options": [],
            "folder_id": "b1gc1tus5qie76988pha",
            "id": "e9b6ltgldr827fql8tg2",
            "labels": {},
            "name": "subnet",
            "network_id": "enpp7sueog754grdb92k",
            "route_table_id": "",
            "timeouts": null,
            "v4_cidr_blocks": [
              "192.168.101.0/24"
            ],
            "v6_cidr_blocks": [],
            "zone": "ru-central1-a"
          },
          "sensitive_attributes": [],
          "private": "eyJlMmJmYjczMC1lY2FhLTExZTYtOGY4OC0zNDM2M2JjN2M0YzAiOnsiY3JlYXRlIjoxODAwMDAwMDAwMDAsImRlbGV0ZSI6MTgwMDAwMDAwMDAwLCJ1cGRhdGUiOjE4MDAwMDAwMDAwMH19",
          "dependencies": [
            "yandex_vpc_network.default"
          ]
        }
      ]
    }
  ]
}
